PODS:
  - Realm (0.103.2):
    - Realm/Headers (= 0.103.2)
  - Realm/Headers (0.103.2)
  - RealmSwift (0.103.2):
    - Realm (= 0.103.2)

DEPENDENCIES:
  - Realm (from `https://github.com/realm/realm-cocoa.git`, branch `master`)
  - RealmSwift (from `https://github.com/realm/realm-cocoa.git`, branch `master`)

EXTERNAL SOURCES:
  Realm:
    :branch: master
    :git: https://github.com/realm/realm-cocoa.git
  RealmSwift:
    :branch: master
    :git: https://github.com/realm/realm-cocoa.git

CHECKOUT OPTIONS:
  Realm:
    :commit: e3054d433f3ce1ffdf215a772952acf7a816f169
    :git: https://github.com/realm/realm-cocoa.git
  RealmSwift:
    :commit: e3054d433f3ce1ffdf215a772952acf7a816f169
    :git: https://github.com/realm/realm-cocoa.git

SPEC CHECKSUMS:
  Realm: 448f0416079fe5b0ed947e7d86f3c4e1c75826cb
  RealmSwift: 8a45cc8f02dfac093b72a3b5a01d567e27e15891

PODFILE CHECKSUM: f90a4989ac2b6bc0fdbc61dde0c1afe91545e9c7

COCOAPODS: 1.0.0
