PODS:
  - Realm (0.103.0):
    - Realm/Headers (= 0.103.0)
  - Realm/Headers (0.103.0)
  - RealmSwift (0.103.0):
    - Realm (= 0.103.0)

DEPENDENCIES:
  - Realm (from `https://github.com/realm/realm-cocoa.git`, branch `swift-2.0`)
  - RealmSwift (from `https://github.com/realm/realm-cocoa.git`, branch `swift-2.0`)

EXTERNAL SOURCES:
  Realm:
    :branch: swift-2.0
    :git: https://github.com/realm/realm-cocoa.git
  RealmSwift:
    :branch: swift-2.0
    :git: https://github.com/realm/realm-cocoa.git

CHECKOUT OPTIONS:
  Realm:
    :commit: 4c376cfb59e2563b32be9d3cae4f0aeaff5d6271
    :git: https://github.com/realm/realm-cocoa.git
  RealmSwift:
    :commit: 4c376cfb59e2563b32be9d3cae4f0aeaff5d6271
    :git: https://github.com/realm/realm-cocoa.git

SPEC CHECKSUMS:
  Realm: 99c44c3a9e075638478d4134e28d9026a6de07c4
  RealmSwift: daaa1789eb581f2f8c2a05a25f463a6f70df5a5f

PODFILE CHECKSUM: 515e4437223ee66c4468f264e66cd35779c91efe

COCOAPODS: 1.0.0
